
Microsoft Visual Studio Solution File, Format Version 12.00
# Visual Studio Version 16
VisualStudioVersion = 16.0.31624.102
MinimumVisualStudioVersion = 10.0.40219.1
Project("{FAE04EC0-301F-11D3-BF4B-00C04F79EFBC}") = "Projeto-2-AED2", "Projeto-2-AED2.csproj", "{946888A1-FC73-44B4-8395-1BF5D91613DF}"
EndProject
Global
	GlobalSection(SolutionConfigurationPlatforms) = preSolution
		Debug|Any CPU = Debug|Any CPU
		Release|Any CPU = Release|Any CPU
	EndGlobalSection
	GlobalSection(ProjectConfigurationPlatforms) = postSolution
		{946888A1-FC73-44B4-8395-1BF5D91613DF}.Debug|Any CPU.ActiveCfg = Debug|Any CPU
		{946888A1-FC73-44B4-8395-1BF5D91613DF}.Debug|Any CPU.Build.0 = Debug|Any CPU
		{946888A1-FC73-44B4-8395-1BF5D91613DF}.Release|Any CPU.ActiveCfg = Release|Any CPU
		{946888A1-FC73-44B4-8395-1BF5D91613DF}.Release|Any CPU.Build.0 = Release|Any CPU
	EndGlobalSection
	GlobalSection(SolutionProperties) = preSolution
		HideSolutionNode = FALSE
	EndGlobalSection
	GlobalSection(ExtensibilityGlobals) = postSolution
		SolutionGuid = {DD4B6249-01B8-40C2-8FFB-8A15A264835C}
	EndGlobalSection
EndGlobal
